
Microsoft Visual Studio Solution File, Format Version 12.00
# Visual Studio Version 16
VisualStudioVersion = 16.0.34601.136
MinimumVisualStudioVersion = 10.0.40219.1
Project("{FAE04EC0-301F-11D3-BF4B-00C04F79EFBC}") = "question8", "question8\question8.csproj", "{FFC95BE9-D55C-4A33-B349-9A6E3E6554D5}"
EndProject
Global
	GlobalSection(SolutionConfigurationPlatforms) = preSolution
		Debug|Any CPU = Debug|Any CPU
		Release|Any CPU = Release|Any CPU
	EndGlobalSection
	GlobalSection(ProjectConfigurationPlatforms) = postSolution
		{FFC95BE9-D55C-4A33-B349-9A6E3E6554D5}.Debug|Any CPU.ActiveCfg = Debug|Any CPU
		{FFC95BE9-D55C-4A33-B349-9A6E3E6554D5}.Debug|Any CPU.Build.0 = Debug|Any CPU
		{FFC95BE9-D55C-4A33-B349-9A6E3E6554D5}.Release|Any CPU.ActiveCfg = Release|Any CPU
		{FFC95BE9-D55C-4A33-B349-9A6E3E6554D5}.Release|Any CPU.Build.0 = Release|Any CPU
	EndGlobalSection
	GlobalSection(SolutionProperties) = preSolution
		HideSolutionNode = FALSE
	EndGlobalSection
	GlobalSection(ExtensibilityGlobals) = postSolution
		SolutionGuid = {5CCD6703-38AD-48D2-8993-2166871DA340}
	EndGlobalSection
EndGlobal
