
Microsoft Visual Studio Solution File, Format Version 12.00
# Visual Studio Version 16
VisualStudioVersion = 16.0.34601.136
MinimumVisualStudioVersion = 10.0.40219.1
Project("{FAE04EC0-301F-11D3-BF4B-00C04F79EFBC}") = "question7", "question7\question7.csproj", "{79C27FB2-2512-4055-BA7C-543CF5C51AC5}"
EndProject
Global
	GlobalSection(SolutionConfigurationPlatforms) = preSolution
		Debug|Any CPU = Debug|Any CPU
		Release|Any CPU = Release|Any CPU
	EndGlobalSection
	GlobalSection(ProjectConfigurationPlatforms) = postSolution
		{79C27FB2-2512-4055-BA7C-543CF5C51AC5}.Debug|Any CPU.ActiveCfg = Debug|Any CPU
		{79C27FB2-2512-4055-BA7C-543CF5C51AC5}.Debug|Any CPU.Build.0 = Debug|Any CPU
		{79C27FB2-2512-4055-BA7C-543CF5C51AC5}.Release|Any CPU.ActiveCfg = Release|Any CPU
		{79C27FB2-2512-4055-BA7C-543CF5C51AC5}.Release|Any CPU.Build.0 = Release|Any CPU
	EndGlobalSection
	GlobalSection(SolutionProperties) = preSolution
		HideSolutionNode = FALSE
	EndGlobalSection
	GlobalSection(ExtensibilityGlobals) = postSolution
		SolutionGuid = {13338695-2E5D-4608-A94D-24F135F904CD}
	EndGlobalSection
EndGlobal
