
Microsoft Visual Studio Solution File, Format Version 12.00
# Visual Studio Version 16
VisualStudioVersion = 16.0.34601.136
MinimumVisualStudioVersion = 10.0.40219.1
Project("{FAE04EC0-301F-11D3-BF4B-00C04F79EFBC}") = "table", "table\table.csproj", "{F2D74FB7-CA41-41C4-B1EA-C429E2B60B29}"
EndProject
Global
	GlobalSection(SolutionConfigurationPlatforms) = preSolution
		Debug|Any CPU = Debug|Any CPU
		Release|Any CPU = Release|Any CPU
	EndGlobalSection
	GlobalSection(ProjectConfigurationPlatforms) = postSolution
		{F2D74FB7-CA41-41C4-B1EA-C429E2B60B29}.Debug|Any CPU.ActiveCfg = Debug|Any CPU
		{F2D74FB7-CA41-41C4-B1EA-C429E2B60B29}.Debug|Any CPU.Build.0 = Debug|Any CPU
		{F2D74FB7-CA41-41C4-B1EA-C429E2B60B29}.Release|Any CPU.ActiveCfg = Release|Any CPU
		{F2D74FB7-CA41-41C4-B1EA-C429E2B60B29}.Release|Any CPU.Build.0 = Release|Any CPU
	EndGlobalSection
	GlobalSection(SolutionProperties) = preSolution
		HideSolutionNode = FALSE
	EndGlobalSection
	GlobalSection(ExtensibilityGlobals) = postSolution
		SolutionGuid = {F7BBFBF3-8B0A-4682-9B28-84FA0F73B5A1}
	EndGlobalSection
EndGlobal
